<?xml version="1.0" encoding="utf-8"?>
<Project ToolsVersion="4.0" xmlns="http://schemas.microsoft.com/developer/msbuild/2003">
  <ItemGroup>
    <Filter Include="Components">
      <UniqueIdentifier>{5213e61e-9d55-4ecd-8fbd-5f71b6800c25}</UniqueIdentifier>
    </Filter>
    <Filter Include="Models">
      <UniqueIdentifier>{af1c7287-9a8f-4cad-9384-929bedf9551a}</UniqueIdentifier>
    </Filter>
    <Filter Include="Models\osc">
      <UniqueIdentifier>{7e2b618d-51f0-4c70-95bc-cc732cf0eb53}</UniqueIdentifier>
    </Filter>
    <Filter Include="VST Wrapper">
      <UniqueIdentifier>{b713e942-035f-4455-b35e-d12b0cd16d07}</UniqueIdentifier>
    </Filter>
    <Filter Include="Startup">
      <UniqueIdentifier>{04454108-5c21-4872-bf1a-d4d6b0326a24}</UniqueIdentifier>
    </Filter>
    <Filter Include="Standalone Wrapper">
      <UniqueIdentifier>{bbe3cbe3-307a-407c-a485-74316eadf7e5}</UniqueIdentifier>
    </Filter>
  </ItemGroup>
  <ItemGroup>
    <ClCompile Include="..\..\Source\Components\CellComponent.cpp">
      <Filter>Components</Filter>
    </ClCompile>
    <ClCompile Include="..\..\Source\Components\MainComponent.cpp">
      <Filter>Components</Filter>
    </ClCompile>
    <ClCompile Include="..\..\Source\Components\OptionsComponent.cpp">
      <Filter>Components</Filter>
    </ClCompile>
    <ClCompile Include="..\..\Source\Components\PanelComponent.cpp">
      <Filter>Components</Filter>
    </ClCompile>
    <ClCompile Include="..\..\Source\Components\PluginAudioProcessorEditor.cpp">
      <Filter>Components</Filter>
    </ClCompile>
    <ClCompile Include="..\..\Source\Components\SequencerComponent.cpp">
      <Filter>Components</Filter>
    </ClCompile>
    <ClCompile Include="..\..\Source\Components\SidebarComponent.cpp">
      <Filter>Components</Filter>
    </ClCompile>
    <ClCompile Include="..\..\Source\Components\StandaloneComponent.cpp">
      <Filter>Components</Filter>
    </ClCompile>
    <ClCompile Include="..\..\Source\Components\TransportComponent.cpp">
      <Filter>Components</Filter>
    </ClCompile>
    <ClCompile Include="..\..\Source\Models\AudioProcessorCallback.cpp">
      <Filter>Models</Filter>
    </ClCompile>
    <ClCompile Include="..\..\Source\Models\Cell.cpp">
      <Filter>Models</Filter>
    </ClCompile>
    <ClCompile Include="..\..\Source\Models\CustomPlayHead.cpp">
      <Filter>Models</Filter>
    </ClCompile>
    <ClCompile Include="..\..\Source\Models\OscInput.cpp">
      <Filter>Models</Filter>
    </ClCompile>
    <ClCompile Include="..\..\Source\Models\OscOutput.cpp">
      <Filter>Models</Filter>
    </ClCompile>
    <ClCompile Include="..\..\Source\Models\PluginAudioProcessor.cpp">
      <Filter>Models</Filter>
    </ClCompile>
    <ClCompile Include="..\..\Source\Models\Sequencer.cpp">
      <Filter>Models</Filter>
    </ClCompile>
    <ClCompile Include="..\..\Source\Models\osc\OscOutboundPacketStream.cpp">
      <Filter>Models\osc</Filter>
    </ClCompile>
    <ClCompile Include="..\..\Source\Models\osc\OscPrintReceivedElements.cpp">
      <Filter>Models\osc</Filter>
    </ClCompile>
    <ClCompile Include="..\..\Source\Models\osc\OscReceivedElements.cpp">
      <Filter>Models\osc</Filter>
    </ClCompile>
    <ClCompile Include="..\..\Source\Models\osc\OscTypes.cpp">
      <Filter>Models\osc</Filter>
    </ClCompile>
    <ClCompile Include="..\..\Source\Startup\JuceApp.cpp">
      <Filter>Startup</Filter>
    </ClCompile>
    <ClCompile Include="..\..\Source\Startup\Main.cpp">
      <Filter>Startup</Filter>
    </ClCompile>
    <ClCompile Include="..\..\..\..\..\..\..\juce-1.51\juce\extras\audio plugins\wrapper\VST\juce_VST_Wrapper.cpp">
      <Filter>VST Wrapper</Filter>
    </ClCompile>
    <ClCompile Include="..\..\..\..\..\..\..\juce-1.51\juce\extras\audio plugins\wrapper\Standalone\juce_AudioFilterStreamer.cpp">
      <Filter>Standalone Wrapper</Filter>
    </ClCompile>
    <ClCompile Include="..\..\..\..\..\..\..\juce-1.51\juce\extras\audio plugins\wrapper\Standalone\juce_StandaloneFilterWindow.cpp">
      <Filter>Standalone Wrapper</Filter>
    </ClCompile>
  </ItemGroup>
  <ItemGroup>
    <ClInclude Include="..\..\Source\Components\CellComponent.h">
      <Filter>Components</Filter>
    </ClInclude>
    <ClInclude Include="..\..\Source\Components\MainComponent.h">
      <Filter>Components</Filter>
    </ClInclude>
    <ClInclude Include="..\..\Source\Components\OptionsComponent.h">
      <Filter>Components</Filter>
    </ClInclude>
    <ClInclude Include="..\..\Source\Components\PanelComponent.h">
      <Filter>Components</Filter>
    </ClInclude>
    <ClInclude Include="..\..\Source\Components\PluginAudioProcessorEditor.h">
      <Filter>Components</Filter>
    </ClInclude>
    <ClInclude Include="..\..\Source\Components\SequencerComponent.h">
      <Filter>Components</Filter>
    </ClInclude>
    <ClInclude Include="..\..\Source\Components\SidebarComponent.h">
      <Filter>Components</Filter>
    </ClInclude>
    <ClInclude Include="..\..\Source\Components\StandaloneComponent.h">
      <Filter>Components</Filter>
    </ClInclude>
    <ClInclude Include="..\..\Source\Components\TransportComponent.h">
      <Filter>Components</Filter>
    </ClInclude>
    <ClInclude Include="..\..\Source\Models\AudioProcessorCallback.h">
      <Filter>Models</Filter>
    </ClInclude>
    <ClInclude Include="..\..\Source\Models\Cell.h">
      <Filter>Models</Filter>
    </ClInclude>
    <ClInclude Include="..\..\Source\Models\CustomPlayHead.h">
      <Filter>Models</Filter>
    </ClInclude>
    <ClInclude Include="..\..\Source\Models\OscInput.h">
      <Filter>Models</Filter>
    </ClInclude>
    <ClInclude Include="..\..\Source\Models\OscOutput.h">
      <Filter>Models</Filter>
    </ClInclude>
    <ClInclude Include="..\..\Source\Models\PluginAudioProcessor.h">
      <Filter>Models</Filter>
    </ClInclude>
    <ClInclude Include="..\..\Source\Models\Sequencer.h">
      <Filter>Models</Filter>
    </ClInclude>
    <ClInclude Include="..\..\Source\Models\osc\MessageMappingOscPacketListener.h">
      <Filter>Models\osc</Filter>
    </ClInclude>
    <ClInclude Include="..\..\Source\Models\osc\OscException.h">
      <Filter>Models\osc</Filter>
    </ClInclude>
    <ClInclude Include="..\..\Source\Models\osc\OscHostEndianness.h">
      <Filter>Models\osc</Filter>
    </ClInclude>
    <ClInclude Include="..\..\Source\Models\osc\OscOutboundPacketStream.h">
      <Filter>Models\osc</Filter>
    </ClInclude>
    <ClInclude Include="..\..\Source\Models\osc\OscPacketListener.h">
      <Filter>Models\osc</Filter>
    </ClInclude>
    <ClInclude Include="..\..\Source\Models\osc\OscPrintReceivedElements.h">
      <Filter>Models\osc</Filter>
    </ClInclude>
    <ClInclude Include="..\..\Source\Models\osc\OscReceivedElements.h">
      <Filter>Models\osc</Filter>
    </ClInclude>
    <ClInclude Include="..\..\Source\Models\osc\OscTypes.h">
      <Filter>Models\osc</Filter>
    </ClInclude>
    <ClInclude Include="..\..\Source\Startup\JuceApp.h">
      <Filter>Startup</Filter>
    </ClInclude>
    <ClInclude Include="..\..\Source\Startup\JuceHeader.h">
      <Filter>Startup</Filter>
    </ClInclude>
    <ClInclude Include="..\..\Source\Startup\JucePluginCharacteristics.h">
      <Filter>Startup</Filter>
    </ClInclude>
    <ClInclude Include="..\..\..\..\..\..\..\juce-1.51\juce\extras\audio plugins\wrapper\Standalone\juce_StandaloneFilterWindow.h">
      <Filter>Standalone Wrapper</Filter>
    </ClInclude>
    <ClInclude Include="..\..\..\..\..\..\..\juce-1.51\juce\extras\audio plugins\wrapper\Standalone\juce_AudioFilterStreamer.h">
      <Filter>Standalone Wrapper</Filter>
    </ClInclude>
  </ItemGroup>
  <ItemGroup>
    <Library Include="..\..\..\..\..\..\..\juce-1.51\juce\bin\jucelib_static_Win32_debug.lib" />
  </ItemGroup>
</Project>